{
  "name": "desing-patterns-ts",
  "lockfileVersion": 2,
  "requires": true,
  "packages": {
    "": {
      "dependencies": {
        "@types/node": "^17.0.8",
        "inversify": "^6.0.1",
        "reflect-metadata": "^0.1.13"
      }
    },
    "node_modules/@types/node": {
      "version": "17.0.8",
      "resolved": "https://registry.npmjs.org/@types/node/-/node-17.0.8.tgz",
      "integrity": "sha512-YofkM6fGv4gDJq78g4j0mMuGMkZVxZDgtU0JRdx6FgiJDG+0fY0GKVolOV8WqVmEhLCXkQRjwDdKyPxJp/uucg=="
    },
    "node_modules/inversify": {
      "version": "6.0.1",
      "resolved": "https://registry.npmjs.org/inversify/-/inversify-6.0.1.tgz",
      "integrity": "sha512-B3ex30927698TJENHR++8FfEaJGqoWOgI6ZY5Ht/nLUsFCwHn6akbwtnUAPCgUepAnTpe2qHxhDNjoKLyz6rgQ=="
    },
    "node_modules/reflect-metadata": {
      "version": "0.1.13",
      "resolved": "https://registry.npmjs.org/reflect-metadata/-/reflect-metadata-0.1.13.tgz",
      "integrity": "sha512-Ts1Y/anZELhSsjMcU605fU9RE4Oi3p5ORujwbIKXfWa+0Zxs510Qrmrce5/Jowq3cHSZSJqBjypxmHarc+vEWg=="
    }
  },
  "dependencies": {
    "@types/node": {
      "version": "17.0.8",
      "resolved": "https://registry.npmjs.org/@types/node/-/node-17.0.8.tgz",
      "integrity": "sha512-YofkM6fGv4gDJq78g4j0mMuGMkZVxZDgtU0JRdx6FgiJDG+0fY0GKVolOV8WqVmEhLCXkQRjwDdKyPxJp/uucg=="
    },
    "inversify": {
      "version": "6.0.1",
      "resolved": "https://registry.npmjs.org/inversify/-/inversify-6.0.1.tgz",
      "integrity": "sha512-B3ex30927698TJENHR++8FfEaJGqoWOgI6ZY5Ht/nLUsFCwHn6akbwtnUAPCgUepAnTpe2qHxhDNjoKLyz6rgQ=="
    },
    "reflect-metadata": {
      "version": "0.1.13",
      "resolved": "https://registry.npmjs.org/reflect-metadata/-/reflect-metadata-0.1.13.tgz",
      "integrity": "sha512-Ts1Y/anZELhSsjMcU605fU9RE4Oi3p5ORujwbIKXfWa+0Zxs510Qrmrce5/Jowq3cHSZSJqBjypxmHarc+vEWg=="
    }
  }
}
